
Microsoft Visual Studio Solution File, Format Version 12.00
# Visual Studio Version 17
VisualStudioVersion = 17.5.33627.172
MinimumVisualStudioVersion = 10.0.40219.1
Project("{FAE04EC0-301F-11D3-BF4B-00C04F79EFBC}") = "xadrez-console", "xadrez-console\xadrez-console.csproj", "{0371B4D2-CE61-4C7E-8597-C92A43E40980}"
EndProject
Global
	GlobalSection(SolutionConfigurationPlatforms) = preSolution
		Debug|Any CPU = Debug|Any CPU
		Release|Any CPU = Release|Any CPU
	EndGlobalSection
	GlobalSection(ProjectConfigurationPlatforms) = postSolution
		{0371B4D2-CE61-4C7E-8597-C92A43E40980}.Debug|Any CPU.ActiveCfg = Debug|Any CPU
		{0371B4D2-CE61-4C7E-8597-C92A43E40980}.Debug|Any CPU.Build.0 = Debug|Any CPU
		{0371B4D2-CE61-4C7E-8597-C92A43E40980}.Release|Any CPU.ActiveCfg = Release|Any CPU
		{0371B4D2-CE61-4C7E-8597-C92A43E40980}.Release|Any CPU.Build.0 = Release|Any CPU
	EndGlobalSection
	GlobalSection(SolutionProperties) = preSolution
		HideSolutionNode = FALSE
	EndGlobalSection
	GlobalSection(ExtensibilityGlobals) = postSolution
		SolutionGuid = {337A0145-9F62-4044-A78B-F2160CE16F1E}
	EndGlobalSection
EndGlobal
